{
  "name": "lwjmzla-cli",
  "version": "1.0.0",
  "lockfileVersion": 1,
  "requires": true,
  "dependencies": {
    "lwj-lib": {
      "version": "1.0.0",
      "resolved": "https://registry.npmjs.org/lwj-lib/-/lwj-lib-1.0.0.tgz",
      "integrity": "sha512-KoGmKbUMcHTuIU/MTNww5wkPQCnx4hrH4LYj6ttEFFWCBaM9w9BDY9MMVWzy4qQHSEd9A8F9B9VcsymUR8m1TQ=="
    }
  }
}
